
Microsoft Visual Studio Solution File, Format Version 12.00
# Visual Studio Version 17
VisualStudioVersion = 17.3.32825.248
MinimumVisualStudioVersion = 10.0.40219.1
Project("{FAE04EC0-301F-11D3-BF4B-00C04F79EFBC}") = "AMONIC", "AMONIC.csproj", "{97354D45-7E4B-402A-A704-2E3A30AF70E4}"
EndProject
Global
	GlobalSection(SolutionConfigurationPlatforms) = preSolution
		Debug|Any CPU = Debug|Any CPU
		Release|Any CPU = Release|Any CPU
	EndGlobalSection
	GlobalSection(ProjectConfigurationPlatforms) = postSolution
		{97354D45-7E4B-402A-A704-2E3A30AF70E4}.Debug|Any CPU.ActiveCfg = Debug|Any CPU
		{97354D45-7E4B-402A-A704-2E3A30AF70E4}.Debug|Any CPU.Build.0 = Debug|Any CPU
		{97354D45-7E4B-402A-A704-2E3A30AF70E4}.Release|Any CPU.ActiveCfg = Release|Any CPU
		{97354D45-7E4B-402A-A704-2E3A30AF70E4}.Release|Any CPU.Build.0 = Release|Any CPU
	EndGlobalSection
	GlobalSection(SolutionProperties) = preSolution
		HideSolutionNode = FALSE
	EndGlobalSection
	GlobalSection(ExtensibilityGlobals) = postSolution
		SolutionGuid = {B89A482E-95F5-4528-897A-4EE7E3E5618F}
	EndGlobalSection
EndGlobal
